PODS:
  - contacts_service (0.2.2):
    - Flutter
  - Flutter (1.0.0)
  - flutter_contacts (0.0.1):
    - Flutter
  - flutter_native_splash (0.0.1):
    - Flutter
  - flutter_secure_storage (3.3.1):
    - Flutter
  - image_picker_ios (0.0.1):
    - Flutter
  - path_provider_foundation (0.0.1):
    - Flutter
    - FlutterMacOS
  - permission_handler_apple (9.3.0):
    - Flutter
  - phone_number (2.0.1):
    - Flutter
    - PhoneNumberKit/PhoneNumberKitCore (= 3.6.6)
  - PhoneNumberKit/PhoneNumberKitCore (3.6.6)

DEPENDENCIES:
  - contacts_service (from `.symlinks/plugins/contacts_service/ios`)
  - Flutter (from `Flutter`)
  - flutter_contacts (from `.symlinks/plugins/flutter_contacts/ios`)
  - flutter_native_splash (from `.symlinks/plugins/flutter_native_splash/ios`)
  - flutter_secure_storage (from `.symlinks/plugins/flutter_secure_storage/ios`)
  - image_picker_ios (from `.symlinks/plugins/image_picker_ios/ios`)
  - path_provider_foundation (from `.symlinks/plugins/path_provider_foundation/darwin`)
  - permission_handler_apple (from `.symlinks/plugins/permission_handler_apple/ios`)
  - phone_number (from `.symlinks/plugins/phone_number/ios`)

SPEC REPOS:
  trunk:
    - PhoneNumberKit

EXTERNAL SOURCES:
  contacts_service:
    :path: ".symlinks/plugins/contacts_service/ios"
  Flutter:
    :path: Flutter
  flutter_contacts:
    :path: ".symlinks/plugins/flutter_contacts/ios"
  flutter_native_splash:
    :path: ".symlinks/plugins/flutter_native_splash/ios"
  flutter_secure_storage:
    :path: ".symlinks/plugins/flutter_secure_storage/ios"
  image_picker_ios:
    :path: ".symlinks/plugins/image_picker_ios/ios"
  path_provider_foundation:
    :path: ".symlinks/plugins/path_provider_foundation/darwin"
  permission_handler_apple:
    :path: ".symlinks/plugins/permission_handler_apple/ios"
  phone_number:
    :path: ".symlinks/plugins/phone_number/ios"

SPEC CHECKSUMS:
  contacts_service: 849e1f84281804c8bfbec1b4c3eedcb23c5d3eca
  Flutter: e0871f40cf51350855a761d2e70bf5af5b9b5de7
  flutter_contacts: edb1c5ce76aa433e20e6cb14c615f4c0b66e0983
  flutter_native_splash: edf599c81f74d093a4daf8e17bd7a018854bc778
  flutter_secure_storage: 7953c38a04c3fdbb00571bcd87d8e3b5ceb9daec
  image_picker_ios: c560581cceedb403a6ff17f2f816d7fea1421fc1
  path_provider_foundation: 29f094ae23ebbca9d3d0cec13889cd9060c0e943
  permission_handler_apple: 9878588469a2b0d0fc1e048d9f43605f92e6cec2
  phone_number: 567a167933138df1080eb0d8ecb0ea44f1dee1ed
  PhoneNumberKit: 5b1be7ee4955dfeeb855f51eecdd829ab24b3484

PODFILE CHECKSUM: a19183d20276b9d79cb91fe165e567666358160a

COCOAPODS: 1.15.2
